
Microsoft Visual Studio Solution File, Format Version 12.00
# Visual Studio Version 17
VisualStudioVersion = 17.14.36511.14 d17.14
MinimumVisualStudioVersion = 10.0.40219.1
Project("{2150E333-8FDC-42A3-9474-1A3956D46DE8}") = "Task0", "Task0", "{02EA681E-C7D8-13C7-8484-4AC65E1B71E8}"
EndProject
Project("{FAE04EC0-301F-11D3-BF4B-00C04F79EFBC}") = "Tyuiu.LyapinSE.Sprint1.Task0.V18", "Tyuiu.LyapinSE.Sprint1.Task0.V18\Tyuiu.LyapinSE.Sprint1.Task0.V18.csproj", "{A93C10C8-A20E-4709-9F8C-BA92D45A0EBC}"
EndProject
Project("{FAE04EC0-301F-11D3-BF4B-00C04F79EFBC}") = "Tyuiu.LyapinSE.Sprint1.Task0.V18.Lib", "Tyuiu.LyapinSE.Sprint1.Task0.V18.Lib\Tyuiu.LyapinSE.Sprint1.Task0.V18.Lib.csproj", "{526FCE6C-BF02-488D-92DE-589580A5454D}"
EndProject
Project("{FAE04EC0-301F-11D3-BF4B-00C04F79EFBC}") = "Tyuiu.LyapinSE.Sprint1.Task0.V18.Test", "Tyuiu.LyapinSE.Sprint1.Task0.V18.Test\Tyuiu.LyapinSE.Sprint1.Task0.V18.Test.csproj", "{7F0AF7DA-2E07-4678-8DD3-75216843C77B}"
EndProject
Project("{2150E333-8FDC-42A3-9474-1A3956D46DE8}") = "Task1", "Task1", "{85CD75E2-82F0-4195-892F-CB84DFEBBCDA}"
EndProject
Project("{FAE04EC0-301F-11D3-BF4B-00C04F79EFBC}") = "Tyuiu.LyapinSE.Sprint1.Task1.V21", "Tyuiu.LyapinSE.Sprint1.Task1.V21\Tyuiu.LyapinSE.Sprint1.Task1.V21.csproj", "{C476683A-7CC5-40C9-AA38-A5031E743A6A}"
EndProject
Project("{FAE04EC0-301F-11D3-BF4B-00C04F79EFBC}") = "Tyuiu.LyapinSE.Sprint1.Task1.V21.Lib", "Tyuiu.LyapinSE.Sprint1.Task1.V21.Lib\Tyuiu.LyapinSE.Sprint1.Task1.V21.Lib.csproj", "{5C32191C-69AF-47E6-87B5-3EB974E7281F}"
EndProject
Project("{FAE04EC0-301F-11D3-BF4B-00C04F79EFBC}") = "Tyuiu.LyapinSE.Sprint1.Task1.V21.Test", "Tyuiu.LyapinSE.Sprint1.Task1.V21.Test\Tyuiu.LyapinSE.Sprint1.Task1.V21.Test.csproj", "{5835BBC4-BBB8-4A04-B459-18A7A59BF393}"
EndProject
Project("{2150E333-8FDC-42A3-9474-1A3956D46DE8}") = "Task2", "Task2", "{B342652C-FD1F-4972-AE39-5EA899A55AF8}"
EndProject
Project("{FAE04EC0-301F-11D3-BF4B-00C04F79EFBC}") = "Tyuiu.LyapinSE.Sprint1.Task2.V24", "Tyuiu.LyapinSE.Sprint1.Task2.V24\Tyuiu.LyapinSE.Sprint1.Task2.V24.csproj", "{24DDB90F-6227-4C38-A3CF-1CBEF6E4D65C}"
EndProject
Project("{FAE04EC0-301F-11D3-BF4B-00C04F79EFBC}") = "Tyuiu.LyapinSE.Sprint1.Task2.V24.Lib", "Tyuiu.LyapinSE.Sprint1.Task2.V24.Lib\Tyuiu.LyapinSE.Sprint1.Task2.V24.Lib.csproj", "{1718C925-286F-48F2-AC8D-5A294D3BFF6C}"
EndProject
Project("{FAE04EC0-301F-11D3-BF4B-00C04F79EFBC}") = "Tyuiu.LyapinSE.Sprint1.Task2.V24.Test", "Tyuiu.LyapinSE.Sprint1.Task2.V24.Test\Tyuiu.LyapinSE.Sprint1.Task2.V24.Test.csproj", "{E96B85ED-B56B-4BC2-9BC7-D99A19BDD8DA}"
EndProject
Project("{2150E333-8FDC-42A3-9474-1A3956D46DE8}") = "Task3", "Task3", "{C07354B3-2F4B-418E-AB7F-0B1F0414B894}"
EndProject
Project("{FAE04EC0-301F-11D3-BF4B-00C04F79EFBC}") = "Tyuiu.LyapinSE.Sprint1.Task3.V13", "Tyuiu.LyapinSE.Sprint1.Task3.V13\Tyuiu.LyapinSE.Sprint1.Task3.V13.csproj", "{8AD0247D-50B8-4B97-9DC3-206A0222B3B4}"
EndProject
Project("{FAE04EC0-301F-11D3-BF4B-00C04F79EFBC}") = "Tyuiu.LyapinSE.Sprint1.Task3.V13.Lib", "Tyuiu.LyapinSE.Sprint1.Task3.V13.Lib\Tyuiu.LyapinSE.Sprint1.Task3.V13.Lib.csproj", "{93ACA989-E961-4420-98AE-DAF6CDE62971}"
EndProject
Project("{FAE04EC0-301F-11D3-BF4B-00C04F79EFBC}") = "Tyuiu.LyapinSE.Sprint1.Task3.V13.Test", "Tyuiu.LyapinSE.Sprint1.Task3.V13.Test\Tyuiu.LyapinSE.Sprint1.Task3.V13.Test.csproj", "{8C0D92D6-058F-4684-8304-6DC29F4FA3FD}"
EndProject
Project("{2150E333-8FDC-42A3-9474-1A3956D46DE8}") = "Task4", "Task4", "{3A6C2C7B-8605-47E1-BA2F-2A3139B78BCA}"
EndProject
Project("{FAE04EC0-301F-11D3-BF4B-00C04F79EFBC}") = "Tyuiu.LyapinSE.Sprint1.Task4.V13", "Tyuiu.LyapinSE.Sprint1.Task4.V13\Tyuiu.LyapinSE.Sprint1.Task4.V13.csproj", "{66CDDB50-6745-42D5-8D19-861A3D5B42C5}"
EndProject
Project("{FAE04EC0-301F-11D3-BF4B-00C04F79EFBC}") = "Tyuiu.LyapinSE.Sprint1.Task4.V13.Lib", "Tyuiu.LyapinSE.Sprint1.Task4.V13.Lib\Tyuiu.LyapinSE.Sprint1.Task4.V13.Lib.csproj", "{778D5CCA-4797-4150-85E3-A106FC935F8D}"
EndProject
Project("{FAE04EC0-301F-11D3-BF4B-00C04F79EFBC}") = "Tyuiu.LyapinSE.Sprint1.Task4.V13.Test", "Tyuiu.LyapinSE.Sprint1.Task4.V13.Test\Tyuiu.LyapinSE.Sprint1.Task4.V13.Test.csproj", "{487497FD-AC2A-4F9E-A904-C1D4164FFB63}"
EndProject
Project("{2150E333-8FDC-42A3-9474-1A3956D46DE8}") = "Task5", "Task5", "{48892F4E-4B70-4AD8-8262-D3DD89EAB5A0}"
EndProject
Project("{FAE04EC0-301F-11D3-BF4B-00C04F79EFBC}") = "Tyuiu.LyapinSE.Sprint1.Task5.V4", "Tyuiu.LyapinSE.Sprint1.Task5.V4\Tyuiu.LyapinSE.Sprint1.Task5.V4.csproj", "{317DB8A9-2CBB-4F56-8EC9-94D2C77D067F}"
EndProject
Project("{FAE04EC0-301F-11D3-BF4B-00C04F79EFBC}") = "Tyuiu.LyapinSE.Sprint1.Task5.V4.Lib", "Tyuiu.LyapinSE.Sprint1.Task5.V4.Lib\Tyuiu.LyapinSE.Sprint1.Task5.V4.Lib.csproj", "{0CB908C9-9956-4535-8231-9C77D32CDF67}"
EndProject
Project("{FAE04EC0-301F-11D3-BF4B-00C04F79EFBC}") = "Tyuiu.LyapinSE.Sprint1.Task5.V4.Test", "Tyuiu.LyapinSE.Sprint1.Task5.V4.Test\Tyuiu.LyapinSE.Sprint1.Task5.V4.Test.csproj", "{51A9477E-5EBF-4685-829C-5E84FD4439DE}"
EndProject
Global
	GlobalSection(SolutionConfigurationPlatforms) = preSolution
		Debug|Any CPU = Debug|Any CPU
		Release|Any CPU = Release|Any CPU
	EndGlobalSection
	GlobalSection(ProjectConfigurationPlatforms) = postSolution
		{A93C10C8-A20E-4709-9F8C-BA92D45A0EBC}.Debug|Any CPU.ActiveCfg = Debug|Any CPU
		{A93C10C8-A20E-4709-9F8C-BA92D45A0EBC}.Debug|Any CPU.Build.0 = Debug|Any CPU
		{A93C10C8-A20E-4709-9F8C-BA92D45A0EBC}.Release|Any CPU.ActiveCfg = Release|Any CPU
		{A93C10C8-A20E-4709-9F8C-BA92D45A0EBC}.Release|Any CPU.Build.0 = Release|Any CPU
		{526FCE6C-BF02-488D-92DE-589580A5454D}.Debug|Any CPU.ActiveCfg = Debug|Any CPU
		{526FCE6C-BF02-488D-92DE-589580A5454D}.Debug|Any CPU.Build.0 = Debug|Any CPU
		{526FCE6C-BF02-488D-92DE-589580A5454D}.Release|Any CPU.ActiveCfg = Release|Any CPU
		{526FCE6C-BF02-488D-92DE-589580A5454D}.Release|Any CPU.Build.0 = Release|Any CPU
		{7F0AF7DA-2E07-4678-8DD3-75216843C77B}.Debug|Any CPU.ActiveCfg = Debug|Any CPU
		{7F0AF7DA-2E07-4678-8DD3-75216843C77B}.Debug|Any CPU.Build.0 = Debug|Any CPU
		{7F0AF7DA-2E07-4678-8DD3-75216843C77B}.Release|Any CPU.ActiveCfg = Release|Any CPU
		{7F0AF7DA-2E07-4678-8DD3-75216843C77B}.Release|Any CPU.Build.0 = Release|Any CPU
		{C476683A-7CC5-40C9-AA38-A5031E743A6A}.Debug|Any CPU.ActiveCfg = Debug|Any CPU
		{C476683A-7CC5-40C9-AA38-A5031E743A6A}.Debug|Any CPU.Build.0 = Debug|Any CPU
		{C476683A-7CC5-40C9-AA38-A5031E743A6A}.Release|Any CPU.ActiveCfg = Release|Any CPU
		{C476683A-7CC5-40C9-AA38-A5031E743A6A}.Release|Any CPU.Build.0 = Release|Any CPU
		{5C32191C-69AF-47E6-87B5-3EB974E7281F}.Debug|Any CPU.ActiveCfg = Debug|Any CPU
		{5C32191C-69AF-47E6-87B5-3EB974E7281F}.Debug|Any CPU.Build.0 = Debug|Any CPU
		{5C32191C-69AF-47E6-87B5-3EB974E7281F}.Release|Any CPU.ActiveCfg = Release|Any CPU
		{5C32191C-69AF-47E6-87B5-3EB974E7281F}.Release|Any CPU.Build.0 = Release|Any CPU
		{5835BBC4-BBB8-4A04-B459-18A7A59BF393}.Debug|Any CPU.ActiveCfg = Debug|Any CPU
		{5835BBC4-BBB8-4A04-B459-18A7A59BF393}.Debug|Any CPU.Build.0 = Debug|Any CPU
		{5835BBC4-BBB8-4A04-B459-18A7A59BF393}.Release|Any CPU.ActiveCfg = Release|Any CPU
		{5835BBC4-BBB8-4A04-B459-18A7A59BF393}.Release|Any CPU.Build.0 = Release|Any CPU
		{24DDB90F-6227-4C38-A3CF-1CBEF6E4D65C}.Debug|Any CPU.ActiveCfg = Debug|Any CPU
		{24DDB90F-6227-4C38-A3CF-1CBEF6E4D65C}.Debug|Any CPU.Build.0 = Debug|Any CPU
		{24DDB90F-6227-4C38-A3CF-1CBEF6E4D65C}.Release|Any CPU.ActiveCfg = Release|Any CPU
		{24DDB90F-6227-4C38-A3CF-1CBEF6E4D65C}.Release|Any CPU.Build.0 = Release|Any CPU
		{1718C925-286F-48F2-AC8D-5A294D3BFF6C}.Debug|Any CPU.ActiveCfg = Debug|Any CPU
		{1718C925-286F-48F2-AC8D-5A294D3BFF6C}.Debug|Any CPU.Build.0 = Debug|Any CPU
		{1718C925-286F-48F2-AC8D-5A294D3BFF6C}.Release|Any CPU.ActiveCfg = Release|Any CPU
		{1718C925-286F-48F2-AC8D-5A294D3BFF6C}.Release|Any CPU.Build.0 = Release|Any CPU
		{E96B85ED-B56B-4BC2-9BC7-D99A19BDD8DA}.Debug|Any CPU.ActiveCfg = Debug|Any CPU
		{E96B85ED-B56B-4BC2-9BC7-D99A19BDD8DA}.Debug|Any CPU.Build.0 = Debug|Any CPU
		{E96B85ED-B56B-4BC2-9BC7-D99A19BDD8DA}.Release|Any CPU.ActiveCfg = Release|Any CPU
		{E96B85ED-B56B-4BC2-9BC7-D99A19BDD8DA}.Release|Any CPU.Build.0 = Release|Any CPU
		{8AD0247D-50B8-4B97-9DC3-206A0222B3B4}.Debug|Any CPU.ActiveCfg = Debug|Any CPU
		{8AD0247D-50B8-4B97-9DC3-206A0222B3B4}.Debug|Any CPU.Build.0 = Debug|Any CPU
		{8AD0247D-50B8-4B97-9DC3-206A0222B3B4}.Release|Any CPU.ActiveCfg = Release|Any CPU
		{8AD0247D-50B8-4B97-9DC3-206A0222B3B4}.Release|Any CPU.Build.0 = Release|Any CPU
		{93ACA989-E961-4420-98AE-DAF6CDE62971}.Debug|Any CPU.ActiveCfg = Debug|Any CPU
		{93ACA989-E961-4420-98AE-DAF6CDE62971}.Debug|Any CPU.Build.0 = Debug|Any CPU
		{93ACA989-E961-4420-98AE-DAF6CDE62971}.Release|Any CPU.ActiveCfg = Release|Any CPU
		{93ACA989-E961-4420-98AE-DAF6CDE62971}.Release|Any CPU.Build.0 = Release|Any CPU
		{8C0D92D6-058F-4684-8304-6DC29F4FA3FD}.Debug|Any CPU.ActiveCfg = Debug|Any CPU
		{8C0D92D6-058F-4684-8304-6DC29F4FA3FD}.Debug|Any CPU.Build.0 = Debug|Any CPU
		{8C0D92D6-058F-4684-8304-6DC29F4FA3FD}.Release|Any CPU.ActiveCfg = Release|Any CPU
		{8C0D92D6-058F-4684-8304-6DC29F4FA3FD}.Release|Any CPU.Build.0 = Release|Any CPU
		{66CDDB50-6745-42D5-8D19-861A3D5B42C5}.Debug|Any CPU.ActiveCfg = Debug|Any CPU
		{66CDDB50-6745-42D5-8D19-861A3D5B42C5}.Debug|Any CPU.Build.0 = Debug|Any CPU
		{66CDDB50-6745-42D5-8D19-861A3D5B42C5}.Release|Any CPU.ActiveCfg = Release|Any CPU
		{66CDDB50-6745-42D5-8D19-861A3D5B42C5}.Release|Any CPU.Build.0 = Release|Any CPU
		{778D5CCA-4797-4150-85E3-A106FC935F8D}.Debug|Any CPU.ActiveCfg = Debug|Any CPU
		{778D5CCA-4797-4150-85E3-A106FC935F8D}.Debug|Any CPU.Build.0 = Debug|Any CPU
		{778D5CCA-4797-4150-85E3-A106FC935F8D}.Release|Any CPU.ActiveCfg = Release|Any CPU
		{778D5CCA-4797-4150-85E3-A106FC935F8D}.Release|Any CPU.Build.0 = Release|Any CPU
		{487497FD-AC2A-4F9E-A904-C1D4164FFB63}.Debug|Any CPU.ActiveCfg = Debug|Any CPU
		{487497FD-AC2A-4F9E-A904-C1D4164FFB63}.Debug|Any CPU.Build.0 = Debug|Any CPU
		{487497FD-AC2A-4F9E-A904-C1D4164FFB63}.Release|Any CPU.ActiveCfg = Release|Any CPU
		{487497FD-AC2A-4F9E-A904-C1D4164FFB63}.Release|Any CPU.Build.0 = Release|Any CPU
		{317DB8A9-2CBB-4F56-8EC9-94D2C77D067F}.Debug|Any CPU.ActiveCfg = Debug|Any CPU
		{317DB8A9-2CBB-4F56-8EC9-94D2C77D067F}.Debug|Any CPU.Build.0 = Debug|Any CPU
		{317DB8A9-2CBB-4F56-8EC9-94D2C77D067F}.Release|Any CPU.ActiveCfg = Release|Any CPU
		{317DB8A9-2CBB-4F56-8EC9-94D2C77D067F}.Release|Any CPU.Build.0 = Release|Any CPU
		{0CB908C9-9956-4535-8231-9C77D32CDF67}.Debug|Any CPU.ActiveCfg = Debug|Any CPU
		{0CB908C9-9956-4535-8231-9C77D32CDF67}.Debug|Any CPU.Build.0 = Debug|Any CPU
		{0CB908C9-9956-4535-8231-9C77D32CDF67}.Release|Any CPU.ActiveCfg = Release|Any CPU
		{0CB908C9-9956-4535-8231-9C77D32CDF67}.Release|Any CPU.Build.0 = Release|Any CPU
		{51A9477E-5EBF-4685-829C-5E84FD4439DE}.Debug|Any CPU.ActiveCfg = Debug|Any CPU
		{51A9477E-5EBF-4685-829C-5E84FD4439DE}.Debug|Any CPU.Build.0 = Debug|Any CPU
		{51A9477E-5EBF-4685-829C-5E84FD4439DE}.Release|Any CPU.ActiveCfg = Release|Any CPU
		{51A9477E-5EBF-4685-829C-5E84FD4439DE}.Release|Any CPU.Build.0 = Release|Any CPU
	EndGlobalSection
	GlobalSection(SolutionProperties) = preSolution
		HideSolutionNode = FALSE
	EndGlobalSection
	GlobalSection(NestedProjects) = preSolution
		{A93C10C8-A20E-4709-9F8C-BA92D45A0EBC} = {02EA681E-C7D8-13C7-8484-4AC65E1B71E8}
		{526FCE6C-BF02-488D-92DE-589580A5454D} = {02EA681E-C7D8-13C7-8484-4AC65E1B71E8}
		{7F0AF7DA-2E07-4678-8DD3-75216843C77B} = {02EA681E-C7D8-13C7-8484-4AC65E1B71E8}
		{C476683A-7CC5-40C9-AA38-A5031E743A6A} = {85CD75E2-82F0-4195-892F-CB84DFEBBCDA}
		{5C32191C-69AF-47E6-87B5-3EB974E7281F} = {85CD75E2-82F0-4195-892F-CB84DFEBBCDA}
		{5835BBC4-BBB8-4A04-B459-18A7A59BF393} = {85CD75E2-82F0-4195-892F-CB84DFEBBCDA}
		{24DDB90F-6227-4C38-A3CF-1CBEF6E4D65C} = {B342652C-FD1F-4972-AE39-5EA899A55AF8}
		{1718C925-286F-48F2-AC8D-5A294D3BFF6C} = {B342652C-FD1F-4972-AE39-5EA899A55AF8}
		{E96B85ED-B56B-4BC2-9BC7-D99A19BDD8DA} = {B342652C-FD1F-4972-AE39-5EA899A55AF8}
		{8AD0247D-50B8-4B97-9DC3-206A0222B3B4} = {C07354B3-2F4B-418E-AB7F-0B1F0414B894}
		{93ACA989-E961-4420-98AE-DAF6CDE62971} = {C07354B3-2F4B-418E-AB7F-0B1F0414B894}
		{8C0D92D6-058F-4684-8304-6DC29F4FA3FD} = {C07354B3-2F4B-418E-AB7F-0B1F0414B894}
		{66CDDB50-6745-42D5-8D19-861A3D5B42C5} = {3A6C2C7B-8605-47E1-BA2F-2A3139B78BCA}
		{778D5CCA-4797-4150-85E3-A106FC935F8D} = {3A6C2C7B-8605-47E1-BA2F-2A3139B78BCA}
		{487497FD-AC2A-4F9E-A904-C1D4164FFB63} = {3A6C2C7B-8605-47E1-BA2F-2A3139B78BCA}
		{317DB8A9-2CBB-4F56-8EC9-94D2C77D067F} = {48892F4E-4B70-4AD8-8262-D3DD89EAB5A0}
		{0CB908C9-9956-4535-8231-9C77D32CDF67} = {48892F4E-4B70-4AD8-8262-D3DD89EAB5A0}
		{51A9477E-5EBF-4685-829C-5E84FD4439DE} = {48892F4E-4B70-4AD8-8262-D3DD89EAB5A0}
	EndGlobalSection
	GlobalSection(ExtensibilityGlobals) = postSolution
		SolutionGuid = {14D542E4-1395-4AD0-BE29-D30873DCFCA4}
	EndGlobalSection
EndGlobal
